
Microsoft Visual Studio Solution File, Format Version 12.00
# Visual Studio Version 17
VisualStudioVersion = 17.14.36414.22
MinimumVisualStudioVersion = 10.0.40219.1
Project("{FAE04EC0-301F-11D3-BF4B-00C04F79EFBC}") = "QuanLyThueNha", "QuanLyThueNha.csproj", "{763107D0-3BD4-799B-8B80-FE21247F6CAF}"
EndProject
Global
	GlobalSection(SolutionConfigurationPlatforms) = preSolution
		Debug|Any CPU = Debug|Any CPU
		Release|Any CPU = Release|Any CPU
	EndGlobalSection
	GlobalSection(ProjectConfigurationPlatforms) = postSolution
		{763107D0-3BD4-799B-8B80-FE21247F6CAF}.Debug|Any CPU.ActiveCfg = Debug|Any CPU
		{763107D0-3BD4-799B-8B80-FE21247F6CAF}.Debug|Any CPU.Build.0 = Debug|Any CPU
		{763107D0-3BD4-799B-8B80-FE21247F6CAF}.Release|Any CPU.ActiveCfg = Release|Any CPU
		{763107D0-3BD4-799B-8B80-FE21247F6CAF}.Release|Any CPU.Build.0 = Release|Any CPU
	EndGlobalSection
	GlobalSection(SolutionProperties) = preSolution
		HideSolutionNode = FALSE
	EndGlobalSection
	GlobalSection(ExtensibilityGlobals) = postSolution
		SolutionGuid = {525477EA-6CF8-4E3D-B187-760493490AB3}
	EndGlobalSection
EndGlobal
